
Microsoft Visual Studio Solution File, Format Version 12.00
# Visual Studio Version 17
VisualStudioVersion = 17.14.36518.9 d17.14
MinimumVisualStudioVersion = 10.0.40219.1
Project("{FAE04EC0-301F-11D3-BF4B-00C04F79EFBC}") = "Nodez.sdmp", "Nodez.sdmp\Nodez.sdmp.csproj", "{CFDA7DCA-4DDC-4A57-B7D4-FFECADC9FA38}"
EndProject
Project("{FAE04EC0-301F-11D3-BF4B-00C04F79EFBC}") = "Nodez.Data", "Nodez.Data\Nodez.Data.csproj", "{9CDFB863-35FD-4602-AFE5-DC0154AB1B95}"
EndProject
Project("{FAE04EC0-301F-11D3-BF4B-00C04F79EFBC}") = "Nodez.Package", "Nodez.Package\Nodez.Package.csproj", "{A638A8CF-7659-42B6-A4FD-684A81AFF6A6}"
EndProject
Project("{54435603-DBB4-11D2-8724-00A0C9A8B90C}") = "Nodez.Deployment", "Nodez.Deployment\Nodez.Deployment.vdproj", "{1EB5A6D7-9A5D-C686-8406-9C0231AF60D2}"
EndProject
Project("{FAE04EC0-301F-11D3-BF4B-00C04F79EFBC}") = "Nodez.Project.GeneralTemplate", "Nodez.Project.GeneralTemplate\Nodez.Project.GeneralTemplate.csproj", "{CF045909-F26A-4943-A92B-11306EE492E3}"
EndProject
Project("{FAE04EC0-301F-11D3-BF4B-00C04F79EFBC}") = "Nodez.Project.RoutingTemplate", "Nodez.Project.RoutingTemplate\Nodez.Project.RoutingTemplate.csproj", "{968AF6ED-766A-4D36-BF3B-D837176CCFA2}"
EndProject
Project("{FAE04EC0-301F-11D3-BF4B-00C04F79EFBC}") = "Nodez.Project.SchedulingTemplate", "Nodez.Project.SchedulingTemplate\Nodez.Project.SchedulingTemplate.csproj", "{1277B075-7D7B-4653-8C20-96C10CDC948D}"
EndProject
Global
	GlobalSection(SolutionConfigurationPlatforms) = preSolution
		Debug|Any CPU = Debug|Any CPU
		Release|Any CPU = Release|Any CPU
	EndGlobalSection
	GlobalSection(ProjectConfigurationPlatforms) = postSolution
		{CFDA7DCA-4DDC-4A57-B7D4-FFECADC9FA38}.Debug|Any CPU.ActiveCfg = Debug|Any CPU
		{CFDA7DCA-4DDC-4A57-B7D4-FFECADC9FA38}.Debug|Any CPU.Build.0 = Debug|Any CPU
		{CFDA7DCA-4DDC-4A57-B7D4-FFECADC9FA38}.Release|Any CPU.ActiveCfg = Release|Any CPU
		{CFDA7DCA-4DDC-4A57-B7D4-FFECADC9FA38}.Release|Any CPU.Build.0 = Release|Any CPU
		{9CDFB863-35FD-4602-AFE5-DC0154AB1B95}.Debug|Any CPU.ActiveCfg = Debug|Any CPU
		{9CDFB863-35FD-4602-AFE5-DC0154AB1B95}.Debug|Any CPU.Build.0 = Debug|Any CPU
		{9CDFB863-35FD-4602-AFE5-DC0154AB1B95}.Release|Any CPU.ActiveCfg = Release|Any CPU
		{9CDFB863-35FD-4602-AFE5-DC0154AB1B95}.Release|Any CPU.Build.0 = Release|Any CPU
		{A638A8CF-7659-42B6-A4FD-684A81AFF6A6}.Debug|Any CPU.ActiveCfg = Debug|Any CPU
		{A638A8CF-7659-42B6-A4FD-684A81AFF6A6}.Debug|Any CPU.Build.0 = Debug|Any CPU
		{A638A8CF-7659-42B6-A4FD-684A81AFF6A6}.Release|Any CPU.ActiveCfg = Release|Any CPU
		{A638A8CF-7659-42B6-A4FD-684A81AFF6A6}.Release|Any CPU.Build.0 = Release|Any CPU
		{1EB5A6D7-9A5D-C686-8406-9C0231AF60D2}.Debug|Any CPU.ActiveCfg = Debug
		{1EB5A6D7-9A5D-C686-8406-9C0231AF60D2}.Release|Any CPU.ActiveCfg = Release
		{CF045909-F26A-4943-A92B-11306EE492E3}.Debug|Any CPU.ActiveCfg = Debug|Any CPU
		{CF045909-F26A-4943-A92B-11306EE492E3}.Debug|Any CPU.Build.0 = Debug|Any CPU
		{CF045909-F26A-4943-A92B-11306EE492E3}.Release|Any CPU.ActiveCfg = Release|Any CPU
		{CF045909-F26A-4943-A92B-11306EE492E3}.Release|Any CPU.Build.0 = Release|Any CPU
		{968AF6ED-766A-4D36-BF3B-D837176CCFA2}.Debug|Any CPU.ActiveCfg = Debug|Any CPU
		{968AF6ED-766A-4D36-BF3B-D837176CCFA2}.Debug|Any CPU.Build.0 = Debug|Any CPU
		{968AF6ED-766A-4D36-BF3B-D837176CCFA2}.Release|Any CPU.ActiveCfg = Release|Any CPU
		{968AF6ED-766A-4D36-BF3B-D837176CCFA2}.Release|Any CPU.Build.0 = Release|Any CPU
		{1277B075-7D7B-4653-8C20-96C10CDC948D}.Debug|Any CPU.ActiveCfg = Debug|Any CPU
		{1277B075-7D7B-4653-8C20-96C10CDC948D}.Debug|Any CPU.Build.0 = Debug|Any CPU
		{1277B075-7D7B-4653-8C20-96C10CDC948D}.Release|Any CPU.ActiveCfg = Release|Any CPU
		{1277B075-7D7B-4653-8C20-96C10CDC948D}.Release|Any CPU.Build.0 = Release|Any CPU
	EndGlobalSection
	GlobalSection(SolutionProperties) = preSolution
		HideSolutionNode = FALSE
	EndGlobalSection
	GlobalSection(ExtensibilityGlobals) = postSolution
		SolutionGuid = {76143E2B-7D69-4128-A3E1-C5DB59A6B03F}
	EndGlobalSection
EndGlobal
