
Microsoft Visual Studio Solution File, Format Version 12.00
# Visual Studio Version 17
VisualStudioVersion = 17.7.34024.191
MinimumVisualStudioVersion = 10.0.40219.1
Project("{FAE04EC0-301F-11D3-BF4B-00C04F79EFBC}") = "Nodez.Data", "Nodez.Data\Nodez.Data.csproj", "{2469A8BD-CCE3-4F17-B700-50ACF40CDCF4}"
EndProject
Project("{FAE04EC0-301F-11D3-BF4B-00C04F79EFBC}") = "Nodez.Sdmp", "Nodez.Sdmp\Nodez.Sdmp.csproj", "{E7E85A02-2589-4C5F-BDF7-AFD164006282}"
EndProject
Project("{FAE04EC0-301F-11D3-BF4B-00C04F79EFBC}") = "Nodez.Project.GeneralTemplate", "Nodez.Project.GeneralTemplate\Nodez.Project.GeneralTemplate.csproj", "{D998A43C-7456-4AE7-B17E-A15034825637}"
EndProject
Project("{FAE04EC0-301F-11D3-BF4B-00C04F79EFBC}") = "Nodez.Project.RoutingTemplate", "Nodez.Project.RoutingTemplate\Nodez.Project.RoutingTemplate.csproj", "{44E097BB-05A6-43E1-AF2B-E53DD1EC5678}"
EndProject
Project("{FAE04EC0-301F-11D3-BF4B-00C04F79EFBC}") = "Nodez.Project.SchedulingTemplate", "Nodez.Project.SchedulingTemplate\Nodez.Project.SchedulingTemplate.csproj", "{73C8EE0A-35A6-47BD-94D0-74A3F42313D9}"
EndProject
Project("{2150E333-8FDC-42A3-9474-1A3956D46DE8}") = "Solution Items", "Solution Items", "{F4109031-6635-4CE6-BE75-1BD64561BFD7}"
	ProjectSection(SolutionItems) = preProject
		.editorconfig = .editorconfig
	EndProjectSection
EndProject
Project("{54435603-DBB4-11D2-8724-00A0C9A8B90C}") = "Nodez.Deployment", "Nodez.Deployment\Nodez.Deployment.vdproj", "{B61E1E64-D4C4-4BEB-84B5-7FAD27AE9D8F}"
EndProject
Project("{FAE04EC0-301F-11D3-BF4B-00C04F79EFBC}") = "Nodez.Package", "Nodez.Package\Nodez.Package.csproj", "{28AD1E84-A8CB-4755-9E2D-0A5CDA5FDA2F}"
EndProject
Global
	GlobalSection(SolutionConfigurationPlatforms) = preSolution
		Debug|Any CPU = Debug|Any CPU
		Debug|arm64 = Debug|arm64
		Debug|x86 = Debug|x86
		Release|Any CPU = Release|Any CPU
		Release|arm64 = Release|arm64
		Release|x86 = Release|x86
	EndGlobalSection
	GlobalSection(ProjectConfigurationPlatforms) = postSolution
		{2469A8BD-CCE3-4F17-B700-50ACF40CDCF4}.Debug|Any CPU.ActiveCfg = Debug|Any CPU
		{2469A8BD-CCE3-4F17-B700-50ACF40CDCF4}.Debug|Any CPU.Build.0 = Debug|Any CPU
		{2469A8BD-CCE3-4F17-B700-50ACF40CDCF4}.Debug|arm64.ActiveCfg = Debug|Any CPU
		{2469A8BD-CCE3-4F17-B700-50ACF40CDCF4}.Debug|arm64.Build.0 = Debug|Any CPU
		{2469A8BD-CCE3-4F17-B700-50ACF40CDCF4}.Debug|x86.ActiveCfg = Debug|Any CPU
		{2469A8BD-CCE3-4F17-B700-50ACF40CDCF4}.Debug|x86.Build.0 = Debug|Any CPU
		{2469A8BD-CCE3-4F17-B700-50ACF40CDCF4}.Release|Any CPU.ActiveCfg = Release|Any CPU
		{2469A8BD-CCE3-4F17-B700-50ACF40CDCF4}.Release|Any CPU.Build.0 = Release|Any CPU
		{2469A8BD-CCE3-4F17-B700-50ACF40CDCF4}.Release|arm64.ActiveCfg = Release|Any CPU
		{2469A8BD-CCE3-4F17-B700-50ACF40CDCF4}.Release|arm64.Build.0 = Release|Any CPU
		{2469A8BD-CCE3-4F17-B700-50ACF40CDCF4}.Release|x86.ActiveCfg = Release|Any CPU
		{2469A8BD-CCE3-4F17-B700-50ACF40CDCF4}.Release|x86.Build.0 = Release|Any CPU
		{E7E85A02-2589-4C5F-BDF7-AFD164006282}.Debug|Any CPU.ActiveCfg = Debug|Any CPU
		{E7E85A02-2589-4C5F-BDF7-AFD164006282}.Debug|Any CPU.Build.0 = Debug|Any CPU
		{E7E85A02-2589-4C5F-BDF7-AFD164006282}.Debug|arm64.ActiveCfg = Debug|Any CPU
		{E7E85A02-2589-4C5F-BDF7-AFD164006282}.Debug|arm64.Build.0 = Debug|Any CPU
		{E7E85A02-2589-4C5F-BDF7-AFD164006282}.Debug|x86.ActiveCfg = Debug|Any CPU
		{E7E85A02-2589-4C5F-BDF7-AFD164006282}.Debug|x86.Build.0 = Debug|Any CPU
		{E7E85A02-2589-4C5F-BDF7-AFD164006282}.Release|Any CPU.ActiveCfg = Release|Any CPU
		{E7E85A02-2589-4C5F-BDF7-AFD164006282}.Release|Any CPU.Build.0 = Release|Any CPU
		{E7E85A02-2589-4C5F-BDF7-AFD164006282}.Release|arm64.ActiveCfg = Release|Any CPU
		{E7E85A02-2589-4C5F-BDF7-AFD164006282}.Release|arm64.Build.0 = Release|Any CPU
		{E7E85A02-2589-4C5F-BDF7-AFD164006282}.Release|x86.ActiveCfg = Release|Any CPU
		{E7E85A02-2589-4C5F-BDF7-AFD164006282}.Release|x86.Build.0 = Release|Any CPU
		{D998A43C-7456-4AE7-B17E-A15034825637}.Debug|Any CPU.ActiveCfg = Debug|Any CPU
		{D998A43C-7456-4AE7-B17E-A15034825637}.Debug|Any CPU.Build.0 = Debug|Any CPU
		{D998A43C-7456-4AE7-B17E-A15034825637}.Debug|arm64.ActiveCfg = Debug|Any CPU
		{D998A43C-7456-4AE7-B17E-A15034825637}.Debug|arm64.Build.0 = Debug|Any CPU
		{D998A43C-7456-4AE7-B17E-A15034825637}.Debug|x86.ActiveCfg = Debug|Any CPU
		{D998A43C-7456-4AE7-B17E-A15034825637}.Debug|x86.Build.0 = Debug|Any CPU
		{D998A43C-7456-4AE7-B17E-A15034825637}.Release|Any CPU.ActiveCfg = Release|Any CPU
		{D998A43C-7456-4AE7-B17E-A15034825637}.Release|Any CPU.Build.0 = Release|Any CPU
		{D998A43C-7456-4AE7-B17E-A15034825637}.Release|arm64.ActiveCfg = Release|Any CPU
		{D998A43C-7456-4AE7-B17E-A15034825637}.Release|arm64.Build.0 = Release|Any CPU
		{D998A43C-7456-4AE7-B17E-A15034825637}.Release|x86.ActiveCfg = Release|Any CPU
		{D998A43C-7456-4AE7-B17E-A15034825637}.Release|x86.Build.0 = Release|Any CPU
		{44E097BB-05A6-43E1-AF2B-E53DD1EC5678}.Debug|Any CPU.ActiveCfg = Debug|Any CPU
		{44E097BB-05A6-43E1-AF2B-E53DD1EC5678}.Debug|Any CPU.Build.0 = Debug|Any CPU
		{44E097BB-05A6-43E1-AF2B-E53DD1EC5678}.Debug|arm64.ActiveCfg = Debug|Any CPU
		{44E097BB-05A6-43E1-AF2B-E53DD1EC5678}.Debug|arm64.Build.0 = Debug|Any CPU
		{44E097BB-05A6-43E1-AF2B-E53DD1EC5678}.Debug|x86.ActiveCfg = Debug|Any CPU
		{44E097BB-05A6-43E1-AF2B-E53DD1EC5678}.Debug|x86.Build.0 = Debug|Any CPU
		{44E097BB-05A6-43E1-AF2B-E53DD1EC5678}.Release|Any CPU.ActiveCfg = Release|Any CPU
		{44E097BB-05A6-43E1-AF2B-E53DD1EC5678}.Release|Any CPU.Build.0 = Release|Any CPU
		{44E097BB-05A6-43E1-AF2B-E53DD1EC5678}.Release|arm64.ActiveCfg = Release|Any CPU
		{44E097BB-05A6-43E1-AF2B-E53DD1EC5678}.Release|arm64.Build.0 = Release|Any CPU
		{44E097BB-05A6-43E1-AF2B-E53DD1EC5678}.Release|x86.ActiveCfg = Release|Any CPU
		{44E097BB-05A6-43E1-AF2B-E53DD1EC5678}.Release|x86.Build.0 = Release|Any CPU
		{73C8EE0A-35A6-47BD-94D0-74A3F42313D9}.Debug|Any CPU.ActiveCfg = Debug|Any CPU
		{73C8EE0A-35A6-47BD-94D0-74A3F42313D9}.Debug|Any CPU.Build.0 = Debug|Any CPU
		{73C8EE0A-35A6-47BD-94D0-74A3F42313D9}.Debug|arm64.ActiveCfg = Debug|Any CPU
		{73C8EE0A-35A6-47BD-94D0-74A3F42313D9}.Debug|arm64.Build.0 = Debug|Any CPU
		{73C8EE0A-35A6-47BD-94D0-74A3F42313D9}.Debug|x86.ActiveCfg = Debug|Any CPU
		{73C8EE0A-35A6-47BD-94D0-74A3F42313D9}.Debug|x86.Build.0 = Debug|Any CPU
		{73C8EE0A-35A6-47BD-94D0-74A3F42313D9}.Release|Any CPU.ActiveCfg = Release|Any CPU
		{73C8EE0A-35A6-47BD-94D0-74A3F42313D9}.Release|Any CPU.Build.0 = Release|Any CPU
		{73C8EE0A-35A6-47BD-94D0-74A3F42313D9}.Release|arm64.ActiveCfg = Release|Any CPU
		{73C8EE0A-35A6-47BD-94D0-74A3F42313D9}.Release|arm64.Build.0 = Release|Any CPU
		{73C8EE0A-35A6-47BD-94D0-74A3F42313D9}.Release|x86.ActiveCfg = Release|Any CPU
		{73C8EE0A-35A6-47BD-94D0-74A3F42313D9}.Release|x86.Build.0 = Release|Any CPU
		{B61E1E64-D4C4-4BEB-84B5-7FAD27AE9D8F}.Debug|Any CPU.ActiveCfg = Debug
		{B61E1E64-D4C4-4BEB-84B5-7FAD27AE9D8F}.Debug|arm64.ActiveCfg = Debug
		{B61E1E64-D4C4-4BEB-84B5-7FAD27AE9D8F}.Debug|arm64.Build.0 = Debug
		{B61E1E64-D4C4-4BEB-84B5-7FAD27AE9D8F}.Debug|x86.ActiveCfg = Debug
		{B61E1E64-D4C4-4BEB-84B5-7FAD27AE9D8F}.Debug|x86.Build.0 = Debug
		{B61E1E64-D4C4-4BEB-84B5-7FAD27AE9D8F}.Release|Any CPU.ActiveCfg = Release
		{B61E1E64-D4C4-4BEB-84B5-7FAD27AE9D8F}.Release|arm64.ActiveCfg = Release
		{B61E1E64-D4C4-4BEB-84B5-7FAD27AE9D8F}.Release|arm64.Build.0 = Release
		{B61E1E64-D4C4-4BEB-84B5-7FAD27AE9D8F}.Release|x86.ActiveCfg = Release
		{B61E1E64-D4C4-4BEB-84B5-7FAD27AE9D8F}.Release|x86.Build.0 = Release
		{28AD1E84-A8CB-4755-9E2D-0A5CDA5FDA2F}.Debug|Any CPU.ActiveCfg = Debug|Any CPU
		{28AD1E84-A8CB-4755-9E2D-0A5CDA5FDA2F}.Debug|Any CPU.Build.0 = Debug|Any CPU
		{28AD1E84-A8CB-4755-9E2D-0A5CDA5FDA2F}.Debug|arm64.ActiveCfg = Debug|arm64
		{28AD1E84-A8CB-4755-9E2D-0A5CDA5FDA2F}.Debug|arm64.Build.0 = Debug|arm64
		{28AD1E84-A8CB-4755-9E2D-0A5CDA5FDA2F}.Debug|x86.ActiveCfg = Debug|x86
		{28AD1E84-A8CB-4755-9E2D-0A5CDA5FDA2F}.Debug|x86.Build.0 = Debug|x86
		{28AD1E84-A8CB-4755-9E2D-0A5CDA5FDA2F}.Release|Any CPU.ActiveCfg = Release|Any CPU
		{28AD1E84-A8CB-4755-9E2D-0A5CDA5FDA2F}.Release|Any CPU.Build.0 = Release|Any CPU
		{28AD1E84-A8CB-4755-9E2D-0A5CDA5FDA2F}.Release|arm64.ActiveCfg = Release|arm64
		{28AD1E84-A8CB-4755-9E2D-0A5CDA5FDA2F}.Release|arm64.Build.0 = Release|arm64
		{28AD1E84-A8CB-4755-9E2D-0A5CDA5FDA2F}.Release|x86.ActiveCfg = Release|x86
		{28AD1E84-A8CB-4755-9E2D-0A5CDA5FDA2F}.Release|x86.Build.0 = Release|x86
	EndGlobalSection
	GlobalSection(SolutionProperties) = preSolution
		HideSolutionNode = FALSE
	EndGlobalSection
	GlobalSection(ExtensibilityGlobals) = postSolution
		SolutionGuid = {8BA1B041-5710-4E0B-8E61-5089EC714E26}
	EndGlobalSection
EndGlobal
